
Microsoft Visual Studio Solution File, Format Version 12.00
# Visual Studio Version 17
VisualStudioVersion = 17.1.31911.260
MinimumVisualStudioVersion = 10.0.40219.1
Project("{FAE04EC0-301F-11D3-BF4B-00C04F79EFBC}") = "Archive", "Archive\Archive.csproj", "{04D43407-2BEF-4B2D-8542-93F025E68772}"
EndProject
Project("{FAE04EC0-301F-11D3-BF4B-00C04F79EFBC}") = "Archive.Logic", "Archive.Logic\Archive.Logic.csproj", "{265823E5-989A-4DBB-B00C-369C718EEB6C}"
EndProject
Project("{FAE04EC0-301F-11D3-BF4B-00C04F79EFBC}") = "Archive.Data", "Archive.Data\Archive.Data.csproj", "{E6EC25DF-4C61-4F6E-AB3E-DD9C5C120167}"
EndProject
Project("{FAE04EC0-301F-11D3-BF4B-00C04F79EFBC}") = "Archive.Test", "Archive.Test\Archive.Test.csproj", "{B246B844-92A6-43BE-BAA6-4186854FC9C0}"
EndProject
Global
	GlobalSection(SolutionConfigurationPlatforms) = preSolution
		Debug|Any CPU = Debug|Any CPU
		Release|Any CPU = Release|Any CPU
	EndGlobalSection
	GlobalSection(ProjectConfigurationPlatforms) = postSolution
		{04D43407-2BEF-4B2D-8542-93F025E68772}.Debug|Any CPU.ActiveCfg = Debug|Any CPU
		{04D43407-2BEF-4B2D-8542-93F025E68772}.Debug|Any CPU.Build.0 = Debug|Any CPU
		{04D43407-2BEF-4B2D-8542-93F025E68772}.Release|Any CPU.ActiveCfg = Release|Any CPU
		{04D43407-2BEF-4B2D-8542-93F025E68772}.Release|Any CPU.Build.0 = Release|Any CPU
		{265823E5-989A-4DBB-B00C-369C718EEB6C}.Debug|Any CPU.ActiveCfg = Debug|Any CPU
		{265823E5-989A-4DBB-B00C-369C718EEB6C}.Debug|Any CPU.Build.0 = Debug|Any CPU
		{265823E5-989A-4DBB-B00C-369C718EEB6C}.Release|Any CPU.ActiveCfg = Release|Any CPU
		{265823E5-989A-4DBB-B00C-369C718EEB6C}.Release|Any CPU.Build.0 = Release|Any CPU
		{E6EC25DF-4C61-4F6E-AB3E-DD9C5C120167}.Debug|Any CPU.ActiveCfg = Debug|Any CPU
		{E6EC25DF-4C61-4F6E-AB3E-DD9C5C120167}.Debug|Any CPU.Build.0 = Debug|Any CPU
		{E6EC25DF-4C61-4F6E-AB3E-DD9C5C120167}.Release|Any CPU.ActiveCfg = Release|Any CPU
		{E6EC25DF-4C61-4F6E-AB3E-DD9C5C120167}.Release|Any CPU.Build.0 = Release|Any CPU
		{B246B844-92A6-43BE-BAA6-4186854FC9C0}.Debug|Any CPU.ActiveCfg = Debug|Any CPU
		{B246B844-92A6-43BE-BAA6-4186854FC9C0}.Debug|Any CPU.Build.0 = Debug|Any CPU
		{B246B844-92A6-43BE-BAA6-4186854FC9C0}.Release|Any CPU.ActiveCfg = Release|Any CPU
		{B246B844-92A6-43BE-BAA6-4186854FC9C0}.Release|Any CPU.Build.0 = Release|Any CPU
	EndGlobalSection
	GlobalSection(SolutionProperties) = preSolution
		HideSolutionNode = FALSE
	EndGlobalSection
	GlobalSection(ExtensibilityGlobals) = postSolution
		SolutionGuid = {84D528A8-DDF9-46D6-B3D3-7B57280E86D4}
	EndGlobalSection
EndGlobal
